
Microsoft Visual Studio Solution File, Format Version 12.00
# Visual Studio Version 17
VisualStudioVersion = 17.6.33815.320
MinimumVisualStudioVersion = 10.0.40219.1
Project("{9A19103F-16F7-4668-BE54-9A1E7A4F7556}") = "LPBlazorServer", "LPBlazorServer\LPBlazorServer.csproj", "{2FEF0B0D-7332-4DDB-BFE2-F6746BB812E1}"
EndProject
Project("{FAE04EC0-301F-11D3-BF4B-00C04F79EFBC}") = "LPMT", "LPMT\LPMT.csproj", "{46271C78-D1B5-4D09-8759-3D343A6FEEC8}"
EndProject
Global
	GlobalSection(SolutionConfigurationPlatforms) = preSolution
		Debug|Any CPU = Debug|Any CPU
		Release|Any CPU = Release|Any CPU
	EndGlobalSection
	GlobalSection(ProjectConfigurationPlatforms) = postSolution
		{2FEF0B0D-7332-4DDB-BFE2-F6746BB812E1}.Debug|Any CPU.ActiveCfg = Debug|Any CPU
		{2FEF0B0D-7332-4DDB-BFE2-F6746BB812E1}.Debug|Any CPU.Build.0 = Debug|Any CPU
		{2FEF0B0D-7332-4DDB-BFE2-F6746BB812E1}.Release|Any CPU.ActiveCfg = Release|Any CPU
		{2FEF0B0D-7332-4DDB-BFE2-F6746BB812E1}.Release|Any CPU.Build.0 = Release|Any CPU
		{46271C78-D1B5-4D09-8759-3D343A6FEEC8}.Debug|Any CPU.ActiveCfg = Debug|Any CPU
		{46271C78-D1B5-4D09-8759-3D343A6FEEC8}.Debug|Any CPU.Build.0 = Debug|Any CPU
		{46271C78-D1B5-4D09-8759-3D343A6FEEC8}.Release|Any CPU.ActiveCfg = Release|Any CPU
		{46271C78-D1B5-4D09-8759-3D343A6FEEC8}.Release|Any CPU.Build.0 = Release|Any CPU
	EndGlobalSection
	GlobalSection(SolutionProperties) = preSolution
		HideSolutionNode = FALSE
	EndGlobalSection
	GlobalSection(ExtensibilityGlobals) = postSolution
		SolutionGuid = {956E224E-20E9-4A81-ACC1-2069C54FABBB}
	EndGlobalSection
EndGlobal
